// !$*UTF8*$!
{
	archiveVersion = 1;
	classes = {
	};
	objectVersion = 56;
	objects = {

/* Begin PBXBuildFile section */
		3F23865A2B8221B300E94E6B /* SuccessfullyView.swift in Sources */ = {isa = PBXBuildFile; fileRef = 3F2386592B8221B300E94E6B /* SuccessfullyView.swift */; };
		3F23865C2B82C46B00E94E6B /* SplashView.swift in Sources */ = {isa = PBXBuildFile; fileRef = 3F23865B2B82C46B00E94E6B /* SplashView.swift */; };
		3F511B3F2B80D0E2003F05CD /* EditPlantView.swift in Sources */ = {isa = PBXBuildFile; fileRef = 3F511B3E2B80D0E2003F05CD /* EditPlantView.swift */; };
		3F920AB52B7BA9E800480441 /* PlantifyApp.swift in Sources */ = {isa = PBXBuildFile; fileRef = 3F920AB42B7BA9E800480441 /* PlantifyApp.swift */; };
		3F920AB92B7BA9E900480441 /* Assets.xcassets in Resources */ = {isa = PBXBuildFile; fileRef = 3F920AB82B7BA9E900480441 /* Assets.xcassets */; };
		3F920ABD2B7BA9E900480441 /* Preview Assets.xcassets in Resources */ = {isa = PBXBuildFile; fileRef = 3F920ABC2B7BA9E900480441 /* Preview Assets.xcassets */; };
		3F920ACC2B7BF2B800480441 /* MainView.swift in Sources */ = {isa = PBXBuildFile; fileRef = 3F920ACB2B7BF2B800480441 /* MainView.swift */; };
		3F920ACE2B7BF2C000480441 /* PlantCard.swift in Sources */ = {isa = PBXBuildFile; fileRef = 3F920ACD2B7BF2C000480441 /* PlantCard.swift */; };
		3FBA48442B8B673A0071B7D6 /* PersistenceController.swift in Sources */ = {isa = PBXBuildFile; fileRef = 3FBA48432B8B673A0071B7D6 /* PersistenceController.swift */; };
		3FBA48452B8B673A0071B7D6 /* PersistenceController.swift in Sources */ = {isa = PBXBuildFile; fileRef = 3FBA48432B8B673A0071B7D6 /* PersistenceController.swift */; };
		3FBA48472B8B7BA10071B7D6 /* PlantifyAppIntent.swift in Sources */ = {isa = PBXBuildFile; fileRef = 3FBA48462B8B7BA10071B7D6 /* PlantifyAppIntent.swift */; };
		3FD3D1282B88EEA1005EA9F5 /* Plant.swift in Sources */ = {isa = PBXBuildFile; fileRef = 3FD3D1272B88EEA1005EA9F5 /* Plant.swift */; };
		3FD3D12A2B88F31C005EA9F5 /* CheckCard.swift in Sources */ = {isa = PBXBuildFile; fileRef = 3FD3D1292B88F31C005EA9F5 /* CheckCard.swift */; };
		3FD3D1532B8A5581005EA9F5 /* WidgetKit.framework in Frameworks */ = {isa = PBXBuildFile; fileRef = 3F003CD72B84CB3D006C2758 /* WidgetKit.framework */; };
		3FD3D1542B8A5581005EA9F5 /* SwiftUI.framework in Frameworks */ = {isa = PBXBuildFile; fileRef = 3F003CD92B84CB3D006C2758 /* SwiftUI.framework */; };
		3FD3D1572B8A5581005EA9F5 /* PlantifyWidgetBundle.swift in Sources */ = {isa = PBXBuildFile; fileRef = 3FD3D1562B8A5581005EA9F5 /* PlantifyWidgetBundle.swift */; };
		3FD3D1592B8A5581005EA9F5 /* PlantifyWidget.swift in Sources */ = {isa = PBXBuildFile; fileRef = 3FD3D1582B8A5581005EA9F5 /* PlantifyWidget.swift */; };
		3FD3D15B2B8A5582005EA9F5 /* Assets.xcassets in Resources */ = {isa = PBXBuildFile; fileRef = 3FD3D15A2B8A5582005EA9F5 /* Assets.xcassets */; };
		3FD3D15F2B8A5582005EA9F5 /* PlantifyWidgetExtension.appex in Embed Foundation Extensions */ = {isa = PBXBuildFile; fileRef = 3FD3D1522B8A5581005EA9F5 /* PlantifyWidgetExtension.appex */; settings = {ATTRIBUTES = (RemoveHeadersOnCopy, ); }; };
		3FD3D1632B8A55C5005EA9F5 /* EditPlantView.swift in Sources */ = {isa = PBXBuildFile; fileRef = 3F511B3E2B80D0E2003F05CD /* EditPlantView.swift */; };
		3FD3D1642B8A55C8005EA9F5 /* CheckCard.swift in Sources */ = {isa = PBXBuildFile; fileRef = 3FD3D1292B88F31C005EA9F5 /* CheckCard.swift */; };
		3FD3D1652B8A55CB005EA9F5 /* PlantCard.swift in Sources */ = {isa = PBXBuildFile; fileRef = 3F920ACD2B7BF2C000480441 /* PlantCard.swift */; };
		3FD3D1662B8A55CE005EA9F5 /* Plant.swift in Sources */ = {isa = PBXBuildFile; fileRef = 3FD3D1272B88EEA1005EA9F5 /* Plant.swift */; };
		3FD3D1672B8A55D1005EA9F5 /* SuccessfullyView.swift in Sources */ = {isa = PBXBuildFile; fileRef = 3F2386592B8221B300E94E6B /* SuccessfullyView.swift */; };
		3FD3D1692B8A55D8005EA9F5 /* MainView.swift in Sources */ = {isa = PBXBuildFile; fileRef = 3F920ACB2B7BF2B800480441 /* MainView.swift */; };
		3FD3D16A2B8A55DB005EA9F5 /* SeeAllView.swift in Sources */ = {isa = PBXBuildFile; fileRef = 3FDA35962B7C08C7005EB44A /* SeeAllView.swift */; };
		3FDA35972B7C08C7005EB44A /* SeeAllView.swift in Sources */ = {isa = PBXBuildFile; fileRef = 3FDA35962B7C08C7005EB44A /* SeeAllView.swift */; };
/* End PBXBuildFile section */

/* Begin PBXContainerItemProxy section */
		3FD3D15D2B8A5582005EA9F5 /* PBXContainerItemProxy */ = {
			isa = PBXContainerItemProxy;
			containerPortal = 3F920AA92B7BA9E800480441 /* Project object */;
			proxyType = 1;
			remoteGlobalIDString = 3FD3D1512B8A5581005EA9F5;
			remoteInfo = PlantifyWidgetExtension;
		};
/* End PBXContainerItemProxy section */

/* Begin PBXCopyFilesBuildPhase section */
		3F003CE82B84CB3E006C2758 /* Embed Foundation Extensions */ = {
			isa = PBXCopyFilesBuildPhase;
			buildActionMask = 2147483647;
			dstPath = "";
			dstSubfolderSpec = 13;
			files = (
				3FD3D15F2B8A5582005EA9F5 /* PlantifyWidgetExtension.appex in Embed Foundation Extensions */,
			);
			name = "Embed Foundation Extensions";
			runOnlyForDeploymentPostprocessing = 0;
		};
/* End PBXCopyFilesBuildPhase section */

/* Begin PBXFileReference section */
		3F003CD72B84CB3D006C2758 /* WidgetKit.framework */ = {isa = PBXFileReference; lastKnownFileType = wrapper.framework; name = WidgetKit.framework; path = System/Library/Frameworks/WidgetKit.framework; sourceTree = SDKROOT; };
		3F003CD92B84CB3D006C2758 /* SwiftUI.framework */ = {isa = PBXFileReference; lastKnownFileType = wrapper.framework; name = SwiftUI.framework; path = System/Library/Frameworks/SwiftUI.framework; sourceTree = SDKROOT; };
		3F003CF32B8544A6006C2758 /* PlantifyWidgetExtension.entitlements */ = {isa = PBXFileReference; lastKnownFileType = text.plist.entitlements; path = PlantifyWidgetExtension.entitlements; sourceTree = "<group>"; };
		3F2386592B8221B300E94E6B /* SuccessfullyView.swift */ = {isa = PBXFileReference; lastKnownFileType = sourcecode.swift; path = SuccessfullyView.swift; sourceTree = "<group>"; };
		3F23865B2B82C46B00E94E6B /* SplashView.swift */ = {isa = PBXFileReference; lastKnownFileType = sourcecode.swift; path = SplashView.swift; sourceTree = "<group>"; };
		3F511B3E2B80D0E2003F05CD /* EditPlantView.swift */ = {isa = PBXFileReference; lastKnownFileType = sourcecode.swift; path = EditPlantView.swift; sourceTree = "<group>"; };
		3F920AB12B7BA9E800480441 /* Plantify.app */ = {isa = PBXFileReference; explicitFileType = wrapper.application; includeInIndex = 0; path = Plantify.app; sourceTree = BUILT_PRODUCTS_DIR; };
		3F920AB42B7BA9E800480441 /* PlantifyApp.swift */ = {isa = PBXFileReference; lastKnownFileType = sourcecode.swift; path = PlantifyApp.swift; sourceTree = "<group>"; };
		3F920AB82B7BA9E900480441 /* Assets.xcassets */ = {isa = PBXFileReference; lastKnownFileType = folder.assetcatalog; path = Assets.xcassets; sourceTree = "<group>"; };
		3F920ABA2B7BA9E900480441 /* Plantify.entitlements */ = {isa = PBXFileReference; lastKnownFileType = text.plist.entitlements; path = Plantify.entitlements; sourceTree = "<group>"; };
		3F920ABC2B7BA9E900480441 /* Preview Assets.xcassets */ = {isa = PBXFileReference; lastKnownFileType = folder.assetcatalog; path = "Preview Assets.xcassets"; sourceTree = "<group>"; };
		3F920ACB2B7BF2B800480441 /* MainView.swift */ = {isa = PBXFileReference; lastKnownFileType = sourcecode.swift; path = MainView.swift; sourceTree = "<group>"; };
		3F920ACD2B7BF2C000480441 /* PlantCard.swift */ = {isa = PBXFileReference; lastKnownFileType = sourcecode.swift; path = PlantCard.swift; sourceTree = "<group>"; };
		3FBA48432B8B673A0071B7D6 /* PersistenceController.swift */ = {isa = PBXFileReference; lastKnownFileType = sourcecode.swift; path = PersistenceController.swift; sourceTree = "<group>"; };
		3FBA48462B8B7BA10071B7D6 /* PlantifyAppIntent.swift */ = {isa = PBXFileReference; lastKnownFileType = sourcecode.swift; path = PlantifyAppIntent.swift; sourceTree = "<group>"; };
		3FD3D1272B88EEA1005EA9F5 /* Plant.swift */ = {isa = PBXFileReference; lastKnownFileType = sourcecode.swift; path = Plant.swift; sourceTree = "<group>"; };
		3FD3D1292B88F31C005EA9F5 /* CheckCard.swift */ = {isa = PBXFileReference; lastKnownFileType = sourcecode.swift; path = CheckCard.swift; sourceTree = "<group>"; };
		3FD3D1522B8A5581005EA9F5 /* PlantifyWidgetExtension.appex */ = {isa = PBXFileReference; explicitFileType = "wrapper.app-extension"; includeInIndex = 0; path = PlantifyWidgetExtension.appex; sourceTree = BUILT_PRODUCTS_DIR; };
		3FD3D1562B8A5581005EA9F5 /* PlantifyWidgetBundle.swift */ = {isa = PBXFileReference; lastKnownFileType = sourcecode.swift; path = PlantifyWidgetBundle.swift; sourceTree = "<group>"; };
		3FD3D1582B8A5581005EA9F5 /* PlantifyWidget.swift */ = {isa = PBXFileReference; lastKnownFileType = sourcecode.swift; path = PlantifyWidget.swift; sourceTree = "<group>"; };
		3FD3D15A2B8A5582005EA9F5 /* Assets.xcassets */ = {isa = PBXFileReference; lastKnownFileType = folder.assetcatalog; path = Assets.xcassets; sourceTree = "<group>"; };
		3FD3D15C2B8A5582005EA9F5 /* Info.plist */ = {isa = PBXFileReference; lastKnownFileType = text.plist.xml; path = Info.plist; sourceTree = "<group>"; };
		3FDA35962B7C08C7005EB44A /* SeeAllView.swift */ = {isa = PBXFileReference; lastKnownFileType = sourcecode.swift; path = SeeAllView.swift; sourceTree = "<group>"; };
/* End PBXFileReference section */

/* Begin PBXFrameworksBuildPhase section */
		3F920AAE2B7BA9E800480441 /* Frameworks */ = {
			isa = PBXFrameworksBuildPhase;
			buildActionMask = 2147483647;
			files = (
			);
			runOnlyForDeploymentPostprocessing = 0;
		};
		3FD3D14F2B8A5581005EA9F5 /* Frameworks */ = {
			isa = PBXFrameworksBuildPhase;
			buildActionMask = 2147483647;
			files = (
				3FD3D1542B8A5581005EA9F5 /* SwiftUI.framework in Frameworks */,
				3FD3D1532B8A5581005EA9F5 /* WidgetKit.framework in Frameworks */,
			);
			runOnlyForDeploymentPostprocessing = 0;
		};
/* End PBXFrameworksBuildPhase section */

/* Begin PBXGroup section */
		3F003CD62B84CB3D006C2758 /* Frameworks */ = {
			isa = PBXGroup;
			children = (
				3F003CD72B84CB3D006C2758 /* WidgetKit.framework */,
				3F003CD92B84CB3D006C2758 /* SwiftUI.framework */,
			);
			name = Frameworks;
			sourceTree = "<group>";
		};
		3F920AA82B7BA9E800480441 = {
			isa = PBXGroup;
			children = (
				3F003CF32B8544A6006C2758 /* PlantifyWidgetExtension.entitlements */,
				3F920AB32B7BA9E800480441 /* Plantify */,
				3FD3D1552B8A5581005EA9F5 /* PlantifyWidget */,
				3F003CD62B84CB3D006C2758 /* Frameworks */,
				3F920AB22B7BA9E800480441 /* Products */,
			);
			sourceTree = "<group>";
		};
		3F920AB22B7BA9E800480441 /* Products */ = {
			isa = PBXGroup;
			children = (
				3F920AB12B7BA9E800480441 /* Plantify.app */,
				3FD3D1522B8A5581005EA9F5 /* PlantifyWidgetExtension.appex */,
			);
			name = Products;
			sourceTree = "<group>";
		};
		3F920AB32B7BA9E800480441 /* Plantify */ = {
			isa = PBXGroup;
			children = (
				3F920AB42B7BA9E800480441 /* PlantifyApp.swift */,
				3F511B3E2B80D0E2003F05CD /* EditPlantView.swift */,
				3FD3D1292B88F31C005EA9F5 /* CheckCard.swift */,
				3F920ACD2B7BF2C000480441 /* PlantCard.swift */,
				3FD3D1272B88EEA1005EA9F5 /* Plant.swift */,
				3F2386592B8221B300E94E6B /* SuccessfullyView.swift */,
				3F23865B2B82C46B00E94E6B /* SplashView.swift */,
				3F920ACB2B7BF2B800480441 /* MainView.swift */,
				3FDA35962B7C08C7005EB44A /* SeeAllView.swift */,
				3FBA48432B8B673A0071B7D6 /* PersistenceController.swift */,
				3F920AB82B7BA9E900480441 /* Assets.xcassets */,
				3F920ABA2B7BA9E900480441 /* Plantify.entitlements */,
				3F920ABB2B7BA9E900480441 /* Preview Content */,
			);
			path = Plantify;
			sourceTree = "<group>";
		};
		3F920ABB2B7BA9E900480441 /* Preview Content */ = {
			isa = PBXGroup;
			children = (
				3F920ABC2B7BA9E900480441 /* Preview Assets.xcassets */,
			);
			path = "Preview Content";
			sourceTree = "<group>";
		};
		3FD3D1552B8A5581005EA9F5 /* PlantifyWidget */ = {
			isa = PBXGroup;
			children = (
				3FD3D1562B8A5581005EA9F5 /* PlantifyWidgetBundle.swift */,
				3FD3D1582B8A5581005EA9F5 /* PlantifyWidget.swift */,
				3FBA48462B8B7BA10071B7D6 /* PlantifyAppIntent.swift */,
				3FD3D15A2B8A5582005EA9F5 /* Assets.xcassets */,
				3FD3D15C2B8A5582005EA9F5 /* Info.plist */,
			);
			path = PlantifyWidget;
			sourceTree = "<group>";
		};
/* End PBXGroup section */

/* Begin PBXNativeTarget section */
		3F920AB02B7BA9E800480441 /* Plantify */ = {
			isa = PBXNativeTarget;
			buildConfigurationList = 3F920AC02B7BA9E900480441 /* Build configuration list for PBXNativeTarget "Plantify" */;
			buildPhases = (
				3F920AAD2B7BA9E800480441 /* Sources */,
				3F920AAE2B7BA9E800480441 /* Frameworks */,
				3F920AAF2B7BA9E800480441 /* Resources */,
				3F003CE82B84CB3E006C2758 /* Embed Foundation Extensions */,
			);
			buildRules = (
			);
			dependencies = (
				3FD3D15E2B8A5582005EA9F5 /* PBXTargetDependency */,
			);
			name = Plantify;
			productName = Plantify;
			productReference = 3F920AB12B7BA9E800480441 /* Plantify.app */;
			productType = "com.apple.product-type.application";
		};
		3FD3D1512B8A5581005EA9F5 /* PlantifyWidgetExtension */ = {
			isa = PBXNativeTarget;
			buildConfigurationList = 3FD3D1602B8A5582005EA9F5 /* Build configuration list for PBXNativeTarget "PlantifyWidgetExtension" */;
			buildPhases = (
				3FD3D14E2B8A5581005EA9F5 /* Sources */,
				3FD3D14F2B8A5581005EA9F5 /* Frameworks */,
				3FD3D1502B8A5581005EA9F5 /* Resources */,
			);
			buildRules = (
			);
			dependencies = (
			);
			name = PlantifyWidgetExtension;
			productName = PlantifyWidgetExtension;
			productReference = 3FD3D1522B8A5581005EA9F5 /* PlantifyWidgetExtension.appex */;
			productType = "com.apple.product-type.app-extension";
		};
/* End PBXNativeTarget section */

/* Begin PBXProject section */
		3F920AA92B7BA9E800480441 /* Project object */ = {
			isa = PBXProject;
			attributes = {
				BuildIndependentTargetsInParallel = 1;
				LastSwiftUpdateCheck = 1500;
				LastUpgradeCheck = 1500;
				TargetAttributes = {
					3F920AB02B7BA9E800480441 = {
						CreatedOnToolsVersion = 15.0;
					};
					3FD3D1512B8A5581005EA9F5 = {
						CreatedOnToolsVersion = 15.0;
					};
				};
			};
			buildConfigurationList = 3F920AAC2B7BA9E800480441 /* Build configuration list for PBXProject "Plantify" */;
			compatibilityVersion = "Xcode 14.0";
			developmentRegion = en;
			hasScannedForEncodings = 0;
			knownRegions = (
				en,
				Base,
			);
			mainGroup = 3F920AA82B7BA9E800480441;
			productRefGroup = 3F920AB22B7BA9E800480441 /* Products */;
			projectDirPath = "";
			projectRoot = "";
			targets = (
				3F920AB02B7BA9E800480441 /* Plantify */,
				3FD3D1512B8A5581005EA9F5 /* PlantifyWidgetExtension */,
			);
		};
/* End PBXProject section */

/* Begin PBXResourcesBuildPhase section */
		3F920AAF2B7BA9E800480441 /* Resources */ = {
			isa = PBXResourcesBuildPhase;
			buildActionMask = 2147483647;
			files = (
				3F920ABD2B7BA9E900480441 /* Preview Assets.xcassets in Resources */,
				3F920AB92B7BA9E900480441 /* Assets.xcassets in Resources */,
			);
			runOnlyForDeploymentPostprocessing = 0;
		};
		3FD3D1502B8A5581005EA9F5 /* Resources */ = {
			isa = PBXResourcesBuildPhase;
			buildActionMask = 2147483647;
			files = (
				3FD3D15B2B8A5582005EA9F5 /* Assets.xcassets in Resources */,
			);
			runOnlyForDeploymentPostprocessing = 0;
		};
/* End PBXResourcesBuildPhase section */

/* Begin PBXSourcesBuildPhase section */
		3F920AAD2B7BA9E800480441 /* Sources */ = {
			isa = PBXSourcesBuildPhase;
			buildActionMask = 2147483647;
			files = (
				3FD3D12A2B88F31C005EA9F5 /* CheckCard.swift in Sources */,
				3FDA35972B7C08C7005EB44A /* SeeAllView.swift in Sources */,
				3F920ACE2B7BF2C000480441 /* PlantCard.swift in Sources */,
				3FBA48442B8B673A0071B7D6 /* PersistenceController.swift in Sources */,
				3F920ACC2B7BF2B800480441 /* MainView.swift in Sources */,
				3F511B3F2B80D0E2003F05CD /* EditPlantView.swift in Sources */,
				3FD3D1282B88EEA1005EA9F5 /* Plant.swift in Sources */,
				3F23865A2B8221B300E94E6B /* SuccessfullyView.swift in Sources */,
				3F920AB52B7BA9E800480441 /* PlantifyApp.swift in Sources */,
				3F23865C2B82C46B00E94E6B /* SplashView.swift in Sources */,
			);
			runOnlyForDeploymentPostprocessing = 0;
		};
		3FD3D14E2B8A5581005EA9F5 /* Sources */ = {
			isa = PBXSourcesBuildPhase;
			buildActionMask = 2147483647;
			files = (
				3FD3D16A2B8A55DB005EA9F5 /* SeeAllView.swift in Sources */,
				3FD3D1632B8A55C5005EA9F5 /* EditPlantView.swift in Sources */,
				3FD3D1692B8A55D8005EA9F5 /* MainView.swift in Sources */,
				3FD3D1662B8A55CE005EA9F5 /* Plant.swift in Sources */,
				3FD3D1672B8A55D1005EA9F5 /* SuccessfullyView.swift in Sources */,
				3FD3D1592B8A5581005EA9F5 /* PlantifyWidget.swift in Sources */,
				3FD3D1652B8A55CB005EA9F5 /* PlantCard.swift in Sources */,
				3FD3D1642B8A55C8005EA9F5 /* CheckCard.swift in Sources */,
				3FD3D1572B8A5581005EA9F5 /* PlantifyWidgetBundle.swift in Sources */,
				3FBA48472B8B7BA10071B7D6 /* PlantifyAppIntent.swift in Sources */,
				3FBA48452B8B673A0071B7D6 /* PersistenceController.swift in Sources */,
			);
			runOnlyForDeploymentPostprocessing = 0;
		};
/* End PBXSourcesBuildPhase section */

/* Begin PBXTargetDependency section */
		3FD3D15E2B8A5582005EA9F5 /* PBXTargetDependency */ = {
			isa = PBXTargetDependency;
			target = 3FD3D1512B8A5581005EA9F5 /* PlantifyWidgetExtension */;
			targetProxy = 3FD3D15D2B8A5582005EA9F5 /* PBXContainerItemProxy */;
		};
/* End PBXTargetDependency section */

/* Begin XCBuildConfiguration section */
		3F920ABE2B7BA9E900480441 /* Debug */ = {
			isa = XCBuildConfiguration;
			buildSettings = {
				ALWAYS_SEARCH_USER_PATHS = NO;
				ASSETCATALOG_COMPILER_GENERATE_SWIFT_ASSET_SYMBOL_EXTENSIONS = YES;
				CLANG_ANALYZER_NONNULL = YES;
				CLANG_ANALYZER_NUMBER_OBJECT_CONVERSION = YES_AGGRESSIVE;
				CLANG_CXX_LANGUAGE_STANDARD = "gnu++20";
				CLANG_ENABLE_MODULES = YES;
				CLANG_ENABLE_OBJC_ARC = YES;
				CLANG_ENABLE_OBJC_WEAK = YES;
				CLANG_WARN_BLOCK_CAPTURE_AUTORELEASING = YES;
				CLANG_WARN_BOOL_CONVERSION = YES;
				CLANG_WARN_COMMA = YES;
				CLANG_WARN_CONSTANT_CONVERSION = YES;
				CLANG_WARN_DEPRECATED_OBJC_IMPLEMENTATIONS = YES;
				CLANG_WARN_DIRECT_OBJC_ISA_USAGE = YES_ERROR;
				CLANG_WARN_DOCUMENTATION_COMMENTS = YES;
				CLANG_WARN_EMPTY_BODY = YES;
				CLANG_WARN_ENUM_CONVERSION = YES;
				CLANG_WARN_INFINITE_RECURSION = YES;
				CLANG_WARN_INT_CONVERSION = YES;
				CLANG_WARN_NON_LITERAL_NULL_CONVERSION = YES;
				CLANG_WARN_OBJC_IMPLICIT_RETAIN_SELF = YES;
				CLANG_WARN_OBJC_LITERAL_CONVERSION = YES;
				CLANG_WARN_OBJC_ROOT_CLASS = YES_ERROR;
				CLANG_WARN_QUOTED_INCLUDE_IN_FRAMEWORK_HEADER = YES;
				CLANG_WARN_RANGE_LOOP_ANALYSIS = YES;
				CLANG_WARN_STRICT_PROTOTYPES = YES;
				CLANG_WARN_SUSPICIOUS_MOVE = YES;
				CLANG_WARN_UNGUARDED_AVAILABILITY = YES_AGGRESSIVE;
				CLANG_WARN_UNREACHABLE_CODE = YES;
				CLANG_WARN__DUPLICATE_METHOD_MATCH = YES;
				COPY_PHASE_STRIP = NO;
				DEBUG_INFORMATION_FORMAT = dwarf;
				ENABLE_STRICT_OBJC_MSGSEND = YES;
				ENABLE_TESTABILITY = YES;
				ENABLE_USER_SCRIPT_SANDBOXING = YES;
				GCC_C_LANGUAGE_STANDARD = gnu17;
				GCC_DYNAMIC_NO_PIC = NO;
				GCC_NO_COMMON_BLOCKS = YES;
				GCC_OPTIMIZATION_LEVEL = 0;
				GCC_PREPROCESSOR_DEFINITIONS = (
					"DEBUG=1",
					"$(inherited)",
				);
				GCC_WARN_64_TO_32_BIT_CONVERSION = YES;
				GCC_WARN_ABOUT_RETURN_TYPE = YES_ERROR;
				GCC_WARN_UNDECLARED_SELECTOR = YES;
				GCC_WARN_UNINITIALIZED_AUTOS = YES_AGGRESSIVE;
				GCC_WARN_UNUSED_FUNCTION = YES;
				GCC_WARN_UNUSED_VARIABLE = YES;
				LOCALIZATION_PREFERS_STRING_CATALOGS = YES;
				MTL_ENABLE_DEBUG_INFO = INCLUDE_SOURCE;
				MTL_FAST_MATH = YES;
				ONLY_ACTIVE_ARCH = YES;
				SWIFT_ACTIVE_COMPILATION_CONDITIONS = "DEBUG $(inherited)";
				SWIFT_OPTIMIZATION_LEVEL = "-Onone";
			};
			name = Debug;
		};
		3F920ABF2B7BA9E900480441 /* Release */ = {
			isa = XCBuildConfiguration;
			buildSettings = {
				ALWAYS_SEARCH_USER_PATHS = NO;
				ASSETCATALOG_COMPILER_GENERATE_SWIFT_ASSET_SYMBOL_EXTENSIONS = YES;
				CLANG_ANALYZER_NONNULL = YES;
				CLANG_ANALYZER_NUMBER_OBJECT_CONVERSION = YES_AGGRESSIVE;
				CLANG_CXX_LANGUAGE_STANDARD = "gnu++20";
				CLANG_ENABLE_MODULES = YES;
				CLANG_ENABLE_OBJC_ARC = YES;
				CLANG_ENABLE_OBJC_WEAK = YES;
				CLANG_WARN_BLOCK_CAPTURE_AUTORELEASING = YES;
				CLANG_WARN_BOOL_CONVERSION = YES;
				CLANG_WARN_COMMA = YES;
				CLANG_WARN_CONSTANT_CONVERSION = YES;
				CLANG_WARN_DEPRECATED_OBJC_IMPLEMENTATIONS = YES;
				CLANG_WARN_DIRECT_OBJC_ISA_USAGE = YES_ERROR;
				CLANG_WARN_DOCUMENTATION_COMMENTS = YES;
				CLANG_WARN_EMPTY_BODY = YES;
				CLANG_WARN_ENUM_CONVERSION = YES;
				CLANG_WARN_INFINITE_RECURSION = YES;
				CLANG_WARN_INT_CONVERSION = YES;
				CLANG_WARN_NON_LITERAL_NULL_CONVERSION = YES;
				CLANG_WARN_OBJC_IMPLICIT_RETAIN_SELF = YES;
				CLANG_WARN_OBJC_LITERAL_CONVERSION = YES;
				CLANG_WARN_OBJC_ROOT_CLASS = YES_ERROR;
				CLANG_WARN_QUOTED_INCLUDE_IN_FRAMEWORK_HEADER = YES;
				CLANG_WARN_RANGE_LOOP_ANALYSIS = YES;
				CLANG_WARN_STRICT_PROTOTYPES = YES;
				CLANG_WARN_SUSPICIOUS_MOVE = YES;
				CLANG_WARN_UNGUARDED_AVAILABILITY = YES_AGGRESSIVE;
				CLANG_WARN_UNREACHABLE_CODE = YES;
				CLANG_WARN__DUPLICATE_METHOD_MATCH = YES;
				COPY_PHASE_STRIP = NO;
				DEBUG_INFORMATION_FORMAT = "dwarf-with-dsym";
				ENABLE_NS_ASSERTIONS = NO;
				ENABLE_STRICT_OBJC_MSGSEND = YES;
				ENABLE_USER_SCRIPT_SANDBOXING = YES;
				GCC_C_LANGUAGE_STANDARD = gnu17;
				GCC_NO_COMMON_BLOCKS = YES;
				GCC_WARN_64_TO_32_BIT_CONVERSION = YES;
				GCC_WARN_ABOUT_RETURN_TYPE = YES_ERROR;
				GCC_WARN_UNDECLARED_SELECTOR = YES;
				GCC_WARN_UNINITIALIZED_AUTOS = YES_AGGRESSIVE;
				GCC_WARN_UNUSED_FUNCTION = YES;
				GCC_WARN_UNUSED_VARIABLE = YES;
				LOCALIZATION_PREFERS_STRING_CATALOGS = YES;
				MTL_ENABLE_DEBUG_INFO = NO;
				MTL_FAST_MATH = YES;
				SWIFT_COMPILATION_MODE = wholemodule;
			};
			name = Release;
		};
		3F920AC12B7BA9E900480441 /* Debug */ = {
			isa = XCBuildConfiguration;
			buildSettings = {
				ALWAYS_EMBED_SWIFT_STANDARD_LIBRARIES = YES;
				ASSETCATALOG_COMPILER_APPICON_NAME = AppIcon;
				ASSETCATALOG_COMPILER_GLOBAL_ACCENT_COLOR_NAME = AccentColor;
				CODE_SIGN_ENTITLEMENTS = Plantify/Plantify.entitlements;
				CODE_SIGN_STYLE = Automatic;
				CURRENT_PROJECT_VERSION = 1;
				DEVELOPMENT_ASSET_PATHS = "\"Plantify/Preview Content\"";
				DEVELOPMENT_TEAM = DQJTBLR47X;
				ENABLE_HARDENED_RUNTIME = YES;
				ENABLE_PREVIEWS = YES;
				GENERATE_INFOPLIST_FILE = YES;
				INFOPLIST_KEY_NSCameraUsageDescription = "This will let you take photos";
				"INFOPLIST_KEY_UIApplicationSceneManifest_Generation[sdk=iphoneos*]" = YES;
				"INFOPLIST_KEY_UIApplicationSceneManifest_Generation[sdk=iphonesimulator*]" = YES;
				"INFOPLIST_KEY_UIApplicationSupportsIndirectInputEvents[sdk=iphoneos*]" = YES;
				"INFOPLIST_KEY_UIApplicationSupportsIndirectInputEvents[sdk=iphonesimulator*]" = YES;
				"INFOPLIST_KEY_UILaunchScreen_Generation[sdk=iphoneos*]" = YES;
				"INFOPLIST_KEY_UILaunchScreen_Generation[sdk=iphonesimulator*]" = YES;
				"INFOPLIST_KEY_UIStatusBarStyle[sdk=iphoneos*]" = UIStatusBarStyleDefault;
				"INFOPLIST_KEY_UIStatusBarStyle[sdk=iphonesimulator*]" = UIStatusBarStyleDefault;
				INFOPLIST_KEY_UISupportedInterfaceOrientations_iPad = "UIInterfaceOrientationPortrait UIInterfaceOrientationPortraitUpsideDown UIInterfaceOrientationLandscapeLeft UIInterfaceOrientationLandscapeRight";
				INFOPLIST_KEY_UISupportedInterfaceOrientations_iPhone = "UIInterfaceOrientationPortrait UIInterfaceOrientationLandscapeLeft UIInterfaceOrientationLandscapeRight";
				IPHONEOS_DEPLOYMENT_TARGET = 17.0;
				LD_RUNPATH_SEARCH_PATHS = "@executable_path/Frameworks";
				"LD_RUNPATH_SEARCH_PATHS[sdk=macosx*]" = "@executable_path/../Frameworks";
				MACOSX_DEPLOYMENT_TARGET = 14.0;
				MARKETING_VERSION = 1.0;
				PRODUCT_BUNDLE_IDENTIFIER = lana.Plantify.2024;
				PRODUCT_NAME = "$(TARGET_NAME)";
				SDKROOT = auto;
				SUPPORTED_PLATFORMS = "iphoneos iphonesimulator";
				SUPPORTS_MACCATALYST = NO;
				SWIFT_EMIT_LOC_STRINGS = YES;
				SWIFT_VERSION = 5.0;
				TARGETED_DEVICE_FAMILY = 1;
			};
			name = Debug;
		};
		3F920AC22B7BA9E900480441 /* Release */ = {
			isa = XCBuildConfiguration;
			buildSettings = {
				ALWAYS_EMBED_SWIFT_STANDARD_LIBRARIES = YES;
				ASSETCATALOG_COMPILER_APPICON_NAME = AppIcon;
				ASSETCATALOG_COMPILER_GLOBAL_ACCENT_COLOR_NAME = AccentColor;
				CODE_SIGN_ENTITLEMENTS = Plantify/Plantify.entitlements;
				CODE_SIGN_STYLE = Automatic;
				CURRENT_PROJECT_VERSION = 1;
				DEVELOPMENT_ASSET_PATHS = "\"Plantify/Preview Content\"";
				DEVELOPMENT_TEAM = DQJTBLR47X;
				ENABLE_HARDENED_RUNTIME = YES;
				ENABLE_PREVIEWS = YES;
				GENERATE_INFOPLIST_FILE = YES;
				INFOPLIST_KEY_NSCameraUsageDescription = "This will let you take photos";
				"INFOPLIST_KEY_UIApplicationSceneManifest_Generation[sdk=iphoneos*]" = YES;
				"INFOPLIST_KEY_UIApplicationSceneManifest_Generation[sdk=iphonesimulator*]" = YES;
				"INFOPLIST_KEY_UIApplicationSupportsIndirectInputEvents[sdk=iphoneos*]" = YES;
				"INFOPLIST_KEY_UIApplicationSupportsIndirectInputEvents[sdk=iphonesimulator*]" = YES;
				"INFOPLIST_KEY_UILaunchScreen_Generation[sdk=iphoneos*]" = YES;
				"INFOPLIST_KEY_UILaunchScreen_Generation[sdk=iphonesimulator*]" = YES;
				"INFOPLIST_KEY_UIStatusBarStyle[sdk=iphoneos*]" = UIStatusBarStyleDefault;
				"INFOPLIST_KEY_UIStatusBarStyle[sdk=iphonesimulator*]" = UIStatusBarStyleDefault;
				INFOPLIST_KEY_UISupportedInterfaceOrientations_iPad = "UIInterfaceOrientationPortrait UIInterfaceOrientationPortraitUpsideDown UIInterfaceOrientationLandscapeLeft UIInterfaceOrientationLandscapeRight";
				INFOPLIST_KEY_UISupportedInterfaceOrientations_iPhone = "UIInterfaceOrientationPortrait UIInterfaceOrientationLandscapeLeft UIInterfaceOrientationLandscapeRight";
				IPHONEOS_DEPLOYMENT_TARGET = 17.0;
				LD_RUNPATH_SEARCH_PATHS = "@executable_path/Frameworks";
				"LD_RUNPATH_SEARCH_PATHS[sdk=macosx*]" = "@executable_path/../Frameworks";
				MACOSX_DEPLOYMENT_TARGET = 14.0;
				MARKETING_VERSION = 1.0;
				PRODUCT_BUNDLE_IDENTIFIER = lana.Plantify.2024;
				PRODUCT_NAME = "$(TARGET_NAME)";
				SDKROOT = auto;
				SUPPORTED_PLATFORMS = "iphoneos iphonesimulator";
				SUPPORTS_MACCATALYST = NO;
				SWIFT_EMIT_LOC_STRINGS = YES;
				SWIFT_VERSION = 5.0;
				TARGETED_DEVICE_FAMILY = 1;
			};
			name = Release;
		};
		3FD3D1612B8A5582005EA9F5 /* Debug */ = {
			isa = XCBuildConfiguration;
			buildSettings = {
				ASSETCATALOG_COMPILER_GLOBAL_ACCENT_COLOR_NAME = AccentColor;
				ASSETCATALOG_COMPILER_WIDGET_BACKGROUND_COLOR_NAME = WidgetBackground;
				CODE_SIGN_ENTITLEMENTS = PlantifyWidgetExtension.entitlements;
				CODE_SIGN_STYLE = Automatic;
				CURRENT_PROJECT_VERSION = 1;
				DEVELOPMENT_TEAM = DQJTBLR47X;
				GENERATE_INFOPLIST_FILE = YES;
				INFOPLIST_FILE = PlantifyWidget/Info.plist;
				INFOPLIST_KEY_CFBundleDisplayName = PlantifyWidget;
				INFOPLIST_KEY_NSHumanReadableCopyright = "";
				IPHONEOS_DEPLOYMENT_TARGET = 17.0;
				LD_RUNPATH_SEARCH_PATHS = (
					"$(inherited)",
					"@executable_path/Frameworks",
					"@executable_path/../../Frameworks",
				);
				MARKETING_VERSION = 1.0;
				PRODUCT_BUNDLE_IDENTIFIER = lana.Plantify.2024.wid;
				PRODUCT_NAME = "$(TARGET_NAME)";
				SDKROOT = iphoneos;
				SKIP_INSTALL = YES;
				SUPPORTED_PLATFORMS = "iphoneos iphonesimulator";
				SUPPORTS_MACCATALYST = NO;
				SUPPORTS_MAC_DESIGNED_FOR_IPHONE_IPAD = NO;
				SWIFT_EMIT_LOC_STRINGS = YES;
				SWIFT_VERSION = 5.0;
				TARGETED_DEVICE_FAMILY = 1;
			};
			name = Debug;
		};
		3FD3D1622B8A5582005EA9F5 /* Release */ = {
			isa = XCBuildConfiguration;
			buildSettings = {
				ASSETCATALOG_COMPILER_GLOBAL_ACCENT_COLOR_NAME = AccentColor;
				ASSETCATALOG_COMPILER_WIDGET_BACKGROUND_COLOR_NAME = WidgetBackground;
				CODE_SIGN_ENTITLEMENTS = PlantifyWidgetExtension.entitlements;
				CODE_SIGN_STYLE = Automatic;
				CURRENT_PROJECT_VERSION = 1;
				DEVELOPMENT_TEAM = DQJTBLR47X;
				GENERATE_INFOPLIST_FILE = YES;
				INFOPLIST_FILE = PlantifyWidget/Info.plist;
				INFOPLIST_KEY_CFBundleDisplayName = PlantifyWidget;
				INFOPLIST_KEY_NSHumanReadableCopyright = "";
				IPHONEOS_DEPLOYMENT_TARGET = 17.0;
				LD_RUNPATH_SEARCH_PATHS = (
					"$(inherited)",
					"@executable_path/Frameworks",
					"@executable_path/../../Frameworks",
				);
				MARKETING_VERSION = 1.0;
				PRODUCT_BUNDLE_IDENTIFIER = lana.Plantify.2024.wid;
				PRODUCT_NAME = "$(TARGET_NAME)";
				SDKROOT = iphoneos;
				SKIP_INSTALL = YES;
				SUPPORTED_PLATFORMS = "iphoneos iphonesimulator";
				SUPPORTS_MACCATALYST = NO;
				SUPPORTS_MAC_DESIGNED_FOR_IPHONE_IPAD = NO;
				SWIFT_EMIT_LOC_STRINGS = YES;
				SWIFT_VERSION = 5.0;
				TARGETED_DEVICE_FAMILY = 1;
				VALIDATE_PRODUCT = YES;
			};
			name = Release;
		};
/* End XCBuildConfiguration section */

/* Begin XCConfigurationList section */
		3F920AAC2B7BA9E800480441 /* Build configuration list for PBXProject "Plantify" */ = {
			isa = XCConfigurationList;
			buildConfigurations = (
				3F920ABE2B7BA9E900480441 /* Debug */,
				3F920ABF2B7BA9E900480441 /* Release */,
			);
			defaultConfigurationIsVisible = 0;
			defaultConfigurationName = Release;
		};
		3F920AC02B7BA9E900480441 /* Build configuration list for PBXNativeTarget "Plantify" */ = {
			isa = XCConfigurationList;
			buildConfigurations = (
				3F920AC12B7BA9E900480441 /* Debug */,
				3F920AC22B7BA9E900480441 /* Release */,
			);
			defaultConfigurationIsVisible = 0;
			defaultConfigurationName = Release;
		};
		3FD3D1602B8A5582005EA9F5 /* Build configuration list for PBXNativeTarget "PlantifyWidgetExtension" */ = {
			isa = XCConfigurationList;
			buildConfigurations = (
				3FD3D1612B8A5582005EA9F5 /* Debug */,
				3FD3D1622B8A5582005EA9F5 /* Release */,
			);
			defaultConfigurationIsVisible = 0;
			defaultConfigurationName = Release;
		};
/* End XCConfigurationList section */
	};
	rootObject = 3F920AA92B7BA9E800480441 /* Project object */;
}
